
Microsoft Visual Studio Solution File, Format Version 12.00
# Visual Studio Version 17
VisualStudioVersion = 17.8.34322.80
MinimumVisualStudioVersion = 10.0.40219.1
Project("{FAE04EC0-301F-11D3-BF4B-00C04F79EFBC}") = "KanbanBoard", "KanbanBoard.csproj", "{56485C08-BFA1-4B62-8C8D-D1E265E53FEC}"
EndProject
Global
	GlobalSection(SolutionConfigurationPlatforms) = preSolution
		Debug|Any CPU = Debug|Any CPU
		Release|Any CPU = Release|Any CPU
	EndGlobalSection
	GlobalSection(ProjectConfigurationPlatforms) = postSolution
		{56485C08-BFA1-4B62-8C8D-D1E265E53FEC}.Debug|Any CPU.ActiveCfg = Debug|Any CPU
		{56485C08-BFA1-4B62-8C8D-D1E265E53FEC}.Debug|Any CPU.Build.0 = Debug|Any CPU
		{56485C08-BFA1-4B62-8C8D-D1E265E53FEC}.Debug|Any CPU.Deploy.0 = Debug|Any CPU
		{56485C08-BFA1-4B62-8C8D-D1E265E53FEC}.Release|Any CPU.ActiveCfg = Release|Any CPU
		{56485C08-BFA1-4B62-8C8D-D1E265E53FEC}.Release|Any CPU.Build.0 = Release|Any CPU
		{56485C08-BFA1-4B62-8C8D-D1E265E53FEC}.Release|Any CPU.Deploy.0 = Release|Any CPU
	EndGlobalSection
	GlobalSection(SolutionProperties) = preSolution
		HideSolutionNode = FALSE
	EndGlobalSection
	GlobalSection(ExtensibilityGlobals) = postSolution
		SolutionGuid = {5C4BF3A6-0228-4D0E-AB62-EE0F38A17739}
	EndGlobalSection
EndGlobal
